
Microsoft Visual Studio Solution File, Format Version 12.00
# Visual Studio Version 17
VisualStudioVersion = 17.0.32014.148
MinimumVisualStudioVersion = 10.0.40219.1
Project("{9A19103F-16F7-4668-BE54-9A1E7A4F7556}") = "TinyHealthCheck", "TinyHealthCheck\TinyHealthCheck.csproj", "{7D76F557-A597-4E39-BBB7-74EA4D02FCA2}"
EndProject
Project("{9A19103F-16F7-4668-BE54-9A1E7A4F7556}") = "DummyServiceWorker", "DummyServiceWorker\DummyServiceWorker.csproj", "{86F621B2-D555-4F38-AF67-84301278C6DF}"
EndProject
Project("{FAE04EC0-301F-11D3-BF4B-00C04F79EFBC}") = "UnitTests", "Tests\UnitTests.csproj", "{93F66DD1-36A5-4249-94EC-D9B9E367B0F3}"
EndProject
Global
	GlobalSection(SolutionConfigurationPlatforms) = preSolution
		Debug|Any CPU = Debug|Any CPU
		Release|Any CPU = Release|Any CPU
	EndGlobalSection
	GlobalSection(ProjectConfigurationPlatforms) = postSolution
		{7D76F557-A597-4E39-BBB7-74EA4D02FCA2}.Debug|Any CPU.ActiveCfg = Debug|Any CPU
		{7D76F557-A597-4E39-BBB7-74EA4D02FCA2}.Debug|Any CPU.Build.0 = Debug|Any CPU
		{7D76F557-A597-4E39-BBB7-74EA4D02FCA2}.Release|Any CPU.ActiveCfg = Release|Any CPU
		{7D76F557-A597-4E39-BBB7-74EA4D02FCA2}.Release|Any CPU.Build.0 = Release|Any CPU
		{86F621B2-D555-4F38-AF67-84301278C6DF}.Debug|Any CPU.ActiveCfg = Debug|Any CPU
		{86F621B2-D555-4F38-AF67-84301278C6DF}.Debug|Any CPU.Build.0 = Debug|Any CPU
		{86F621B2-D555-4F38-AF67-84301278C6DF}.Release|Any CPU.ActiveCfg = Release|Any CPU
		{86F621B2-D555-4F38-AF67-84301278C6DF}.Release|Any CPU.Build.0 = Release|Any CPU
		{93F66DD1-36A5-4249-94EC-D9B9E367B0F3}.Debug|Any CPU.ActiveCfg = Debug|Any CPU
		{93F66DD1-36A5-4249-94EC-D9B9E367B0F3}.Debug|Any CPU.Build.0 = Debug|Any CPU
		{93F66DD1-36A5-4249-94EC-D9B9E367B0F3}.Release|Any CPU.ActiveCfg = Release|Any CPU
		{93F66DD1-36A5-4249-94EC-D9B9E367B0F3}.Release|Any CPU.Build.0 = Release|Any CPU
	EndGlobalSection
	GlobalSection(SolutionProperties) = preSolution
		HideSolutionNode = FALSE
	EndGlobalSection
	GlobalSection(ExtensibilityGlobals) = postSolution
		SolutionGuid = {88729E8A-E554-4BD4-94C6-72B267B1E4FC}
	EndGlobalSection
EndGlobal
